
Microsoft Visual Studio Solution File, Format Version 12.00
# Visual Studio Version 17
VisualStudioVersion = 17.3.32929.385
MinimumVisualStudioVersion = 10.0.40219.1
Project("{FAE04EC0-301F-11D3-BF4B-00C04F79EFBC}") = "Pinterest_31_Minh", "Tester\Pinterest_31_Minh.csproj", "{AA2C07B3-780F-4489-9153-E3B4D8C9EB90}"
EndProject
Global
	GlobalSection(SolutionConfigurationPlatforms) = preSolution
		Debug|Any CPU = Debug|Any CPU
		Release|Any CPU = Release|Any CPU
	EndGlobalSection
	GlobalSection(ProjectConfigurationPlatforms) = postSolution
		{AA2C07B3-780F-4489-9153-E3B4D8C9EB90}.Debug|Any CPU.ActiveCfg = Debug|Any CPU
		{AA2C07B3-780F-4489-9153-E3B4D8C9EB90}.Debug|Any CPU.Build.0 = Debug|Any CPU
		{AA2C07B3-780F-4489-9153-E3B4D8C9EB90}.Release|Any CPU.ActiveCfg = Release|Any CPU
		{AA2C07B3-780F-4489-9153-E3B4D8C9EB90}.Release|Any CPU.Build.0 = Release|Any CPU
	EndGlobalSection
	GlobalSection(SolutionProperties) = preSolution
		HideSolutionNode = FALSE
	EndGlobalSection
	GlobalSection(ExtensibilityGlobals) = postSolution
		SolutionGuid = {411AEF2F-E3DF-4385-88A7-54D5D034A822}
	EndGlobalSection
EndGlobal
